
Microsoft Visual Studio Solution File, Format Version 12.00
# Visual Studio Version 17
VisualStudioVersion = 17.14.36915.13 d17.14
MinimumVisualStudioVersion = 10.0.40219.1
Project("{FAE04EC0-301F-11D3-BF4B-00C04F79EFBC}") = "ERFX_Q03UDV_20260121-01", "ERFX_Q03UDV_20260121-01\ERFX_Q03UDV_20260121-01.csproj", "{EABA09CF-E70D-4AFE-9A41-6154B362B818}"
EndProject
Global
	GlobalSection(SolutionConfigurationPlatforms) = preSolution
		Debug|Any CPU = Debug|Any CPU
		Release|Any CPU = Release|Any CPU
	EndGlobalSection
	GlobalSection(ProjectConfigurationPlatforms) = postSolution
		{EABA09CF-E70D-4AFE-9A41-6154B362B818}.Debug|Any CPU.ActiveCfg = Debug|Any CPU
		{EABA09CF-E70D-4AFE-9A41-6154B362B818}.Debug|Any CPU.Build.0 = Debug|Any CPU
		{EABA09CF-E70D-4AFE-9A41-6154B362B818}.Release|Any CPU.ActiveCfg = Release|Any CPU
		{EABA09CF-E70D-4AFE-9A41-6154B362B818}.Release|Any CPU.Build.0 = Release|Any CPU
	EndGlobalSection
	GlobalSection(SolutionProperties) = preSolution
		HideSolutionNode = FALSE
	EndGlobalSection
	GlobalSection(ExtensibilityGlobals) = postSolution
		SolutionGuid = {6938313E-3E76-4BAB-93EC-2D96A8356CB3}
	EndGlobalSection
EndGlobal
